// !$*UTF8*$!
{
	archiveVersion = 1;
	classes = {
	};
	objectVersion = 56;
	objects = {

/* Begin PBXBuildFile section */
		8E4A2DAE2902FBDD00B00401 /* LiveTextRecognizer.swift in Sources */ = {isa = PBXBuildFile; fileRef = 8E4A2DAD2902FBDD00B00401 /* LiveTextRecognizer.swift */; };
		8E4F251C28E8B1B7009BB028 /* AppDelegate.swift in Sources */ = {isa = PBXBuildFile; fileRef = 8E4F251B28E8B1B7009BB028 /* AppDelegate.swift */; };
		8E4F251E28E8B1B7009BB028 /* SceneDelegate.swift in Sources */ = {isa = PBXBuildFile; fileRef = 8E4F251D28E8B1B7009BB028 /* SceneDelegate.swift */; };
		8E4F252028E8B1B7009BB028 /* ViewController.swift in Sources */ = {isa = PBXBuildFile; fileRef = 8E4F251F28E8B1B7009BB028 /* ViewController.swift */; };
		8E4F252328E8B1B7009BB028 /* Main.storyboard in Resources */ = {isa = PBXBuildFile; fileRef = 8E4F252128E8B1B7009BB028 /* Main.storyboard */; };
		8E4F252528E8B1B8009BB028 /* Assets.xcassets in Resources */ = {isa = PBXBuildFile; fileRef = 8E4F252428E8B1B8009BB028 /* Assets.xcassets */; };
		8E4F252828E8B1B8009BB028 /* LaunchScreen.storyboard in Resources */ = {isa = PBXBuildFile; fileRef = 8E4F252628E8B1B8009BB028 /* LaunchScreen.storyboard */; };
		8E4F260128E8CE98009BB028 /* LiveTextInteraction.swift in Sources */ = {isa = PBXBuildFile; fileRef = 8E4F260028E8CE98009BB028 /* LiveTextInteraction.swift */; };
/* End PBXBuildFile section */

/* Begin PBXFileReference section */
		8E4A2DAD2902FBDD00B00401 /* LiveTextRecognizer.swift */ = {isa = PBXFileReference; lastKnownFileType = sourcecode.swift; path = LiveTextRecognizer.swift; sourceTree = "<group>"; };
		8E4F251828E8B1B7009BB028 /* LiveTextInteractionSampleApp.app */ = {isa = PBXFileReference; explicitFileType = wrapper.application; includeInIndex = 0; path = LiveTextInteractionSampleApp.app; sourceTree = BUILT_PRODUCTS_DIR; };
		8E4F251B28E8B1B7009BB028 /* AppDelegate.swift */ = {isa = PBXFileReference; lastKnownFileType = sourcecode.swift; path = AppDelegate.swift; sourceTree = "<group>"; };
		8E4F251D28E8B1B7009BB028 /* SceneDelegate.swift */ = {isa = PBXFileReference; lastKnownFileType = sourcecode.swift; path = SceneDelegate.swift; sourceTree = "<group>"; };
		8E4F251F28E8B1B7009BB028 /* ViewController.swift */ = {isa = PBXFileReference; lastKnownFileType = sourcecode.swift; path = ViewController.swift; sourceTree = "<group>"; };
		8E4F252228E8B1B7009BB028 /* Base */ = {isa = PBXFileReference; lastKnownFileType = file.storyboard; name = Base; path = Base.lproj/Main.storyboard; sourceTree = "<group>"; };
		8E4F252428E8B1B8009BB028 /* Assets.xcassets */ = {isa = PBXFileReference; lastKnownFileType = folder.assetcatalog; path = Assets.xcassets; sourceTree = "<group>"; };
		8E4F252728E8B1B8009BB028 /* Base */ = {isa = PBXFileReference; lastKnownFileType = file.storyboard; name = Base; path = Base.lproj/LaunchScreen.storyboard; sourceTree = "<group>"; };
		8E4F252928E8B1B8009BB028 /* Info.plist */ = {isa = PBXFileReference; lastKnownFileType = text.plist.xml; path = Info.plist; sourceTree = "<group>"; };
		8E4F260028E8CE98009BB028 /* LiveTextInteraction.swift */ = {isa = PBXFileReference; fileEncoding = 4; lastKnownFileType = sourcecode.swift; path = LiveTextInteraction.swift; sourceTree = "<group>"; };
/* End PBXFileReference section */

/* Begin PBXFrameworksBuildPhase section */
		8E4F251528E8B1B7009BB028 /* Frameworks */ = {
			isa = PBXFrameworksBuildPhase;
			buildActionMask = 2147483647;
			files = (
			);
			runOnlyForDeploymentPostprocessing = 0;
		};
/* End PBXFrameworksBuildPhase section */

/* Begin PBXGroup section */
		8E4F250F28E8B1B7009BB028 = {
			isa = PBXGroup;
			children = (
				8E4F251A28E8B1B7009BB028 /* LiveTextInteractionSampleApp */,
				8E4F251928E8B1B7009BB028 /* Products */,
			);
			sourceTree = "<group>";
		};
		8E4F251928E8B1B7009BB028 /* Products */ = {
			isa = PBXGroup;
			children = (
				8E4F251828E8B1B7009BB028 /* LiveTextInteractionSampleApp.app */,
			);
			name = Products;
			sourceTree = "<group>";
		};
		8E4F251A28E8B1B7009BB028 /* LiveTextInteractionSampleApp */ = {
			isa = PBXGroup;
			children = (
				8E4F260028E8CE98009BB028 /* LiveTextInteraction.swift */,
				8E4F251B28E8B1B7009BB028 /* AppDelegate.swift */,
				8E4F251D28E8B1B7009BB028 /* SceneDelegate.swift */,
				8E4F251F28E8B1B7009BB028 /* ViewController.swift */,
				8E4F252128E8B1B7009BB028 /* Main.storyboard */,
				8E4F252428E8B1B8009BB028 /* Assets.xcassets */,
				8E4F252628E8B1B8009BB028 /* LaunchScreen.storyboard */,
				8E4F252928E8B1B8009BB028 /* Info.plist */,
				8E4A2DAD2902FBDD00B00401 /* LiveTextRecognizer.swift */,
			);
			path = LiveTextInteractionSampleApp;
			sourceTree = "<group>";
		};
/* End PBXGroup section */

/* Begin PBXNativeTarget section */
		8E4F251728E8B1B7009BB028 /* LiveTextInteractionSampleApp */ = {
			isa = PBXNativeTarget;
			buildConfigurationList = 8E4F252C28E8B1B8009BB028 /* Build configuration list for PBXNativeTarget "LiveTextInteractionSampleApp" */;
			buildPhases = (
				8E4F251428E8B1B7009BB028 /* Sources */,
				8E4F251528E8B1B7009BB028 /* Frameworks */,
				8E4F251628E8B1B7009BB028 /* Resources */,
			);
			buildRules = (
			);
			dependencies = (
			);
			name = LiveTextInteractionSampleApp;
			productName = LiveTextInteractionSampleApp;
			productReference = 8E4F251828E8B1B7009BB028 /* LiveTextInteractionSampleApp.app */;
			productType = "com.apple.product-type.application";
		};
/* End PBXNativeTarget section */

/* Begin PBXProject section */
		8E4F251028E8B1B7009BB028 /* Project object */ = {
			isa = PBXProject;
			attributes = {
				BuildIndependentTargetsInParallel = 1;
				LastSwiftUpdateCheck = 1400;
				LastUpgradeCheck = 1400;
				TargetAttributes = {
					8E4F251728E8B1B7009BB028 = {
						CreatedOnToolsVersion = 14.0;
					};
				};
			};
			buildConfigurationList = 8E4F251328E8B1B7009BB028 /* Build configuration list for PBXProject "LiveTextInteractionSampleApp" */;
			compatibilityVersion = "Xcode 14.0";
			developmentRegion = en;
			hasScannedForEncodings = 0;
			knownRegions = (
				en,
				Base,
			);
			mainGroup = 8E4F250F28E8B1B7009BB028;
			productRefGroup = 8E4F251928E8B1B7009BB028 /* Products */;
			projectDirPath = "";
			projectRoot = "";
			targets = (
				8E4F251728E8B1B7009BB028 /* LiveTextInteractionSampleApp */,
			);
		};
/* End PBXProject section */

/* Begin PBXResourcesBuildPhase section */
		8E4F251628E8B1B7009BB028 /* Resources */ = {
			isa = PBXResourcesBuildPhase;
			buildActionMask = 2147483647;
			files = (
				8E4F252828E8B1B8009BB028 /* LaunchScreen.storyboard in Resources */,
				8E4F252528E8B1B8009BB028 /* Assets.xcassets in Resources */,
				8E4F252328E8B1B7009BB028 /* Main.storyboard in Resources */,
			);
			runOnlyForDeploymentPostprocessing = 0;
		};
/* End PBXResourcesBuildPhase section */

/* Begin PBXSourcesBuildPhase section */
		8E4F251428E8B1B7009BB028 /* Sources */ = {
			isa = PBXSourcesBuildPhase;
			buildActionMask = 2147483647;
			files = (
				8E4A2DAE2902FBDD00B00401 /* LiveTextRecognizer.swift in Sources */,
				8E4F252028E8B1B7009BB028 /* ViewController.swift in Sources */,
				8E4F260128E8CE98009BB028 /* LiveTextInteraction.swift in Sources */,
				8E4F251C28E8B1B7009BB028 /* AppDelegate.swift in Sources */,
				8E4F251E28E8B1B7009BB028 /* SceneDelegate.swift in Sources */,
			);
			runOnlyForDeploymentPostprocessing = 0;
		};
/* End PBXSourcesBuildPhase section */

/* Begin PBXVariantGroup section */
		8E4F252128E8B1B7009BB028 /* Main.storyboard */ = {
			isa = PBXVariantGroup;
			children = (
				8E4F252228E8B1B7009BB028 /* Base */,
			);
			name = Main.storyboard;
			sourceTree = "<group>";
		};
		8E4F252628E8B1B8009BB028 /* LaunchScreen.storyboard */ = {
			isa = PBXVariantGroup;
			children = (
				8E4F252728E8B1B8009BB028 /* Base */,
			);
			name = LaunchScreen.storyboard;
			sourceTree = "<group>";
		};
/* End PBXVariantGroup section */

/* Begin XCBuildConfiguration section */
		8E4F252A28E8B1B8009BB028 /* Debug */ = {
			isa = XCBuildConfiguration;
			buildSettings = {
				ALWAYS_SEARCH_USER_PATHS = NO;
				CLANG_ANALYZER_NONNULL = YES;
				CLANG_ANALYZER_NUMBER_OBJECT_CONVERSION = YES_AGGRESSIVE;
				CLANG_CXX_LANGUAGE_STANDARD = "gnu++20";
				CLANG_ENABLE_MODULES = YES;
				CLANG_ENABLE_OBJC_ARC = YES;
				CLANG_ENABLE_OBJC_WEAK = YES;
				CLANG_WARN_BLOCK_CAPTURE_AUTORELEASING = YES;
				CLANG_WARN_BOOL_CONVERSION = YES;
				CLANG_WARN_COMMA = YES;
				CLANG_WARN_CONSTANT_CONVERSION = YES;
				CLANG_WARN_DEPRECATED_OBJC_IMPLEMENTATIONS = YES;
				CLANG_WARN_DIRECT_OBJC_ISA_USAGE = YES_ERROR;
				CLANG_WARN_DOCUMENTATION_COMMENTS = YES;
				CLANG_WARN_EMPTY_BODY = YES;
				CLANG_WARN_ENUM_CONVERSION = YES;
				CLANG_WARN_INFINITE_RECURSION = YES;
				CLANG_WARN_INT_CONVERSION = YES;
				CLANG_WARN_NON_LITERAL_NULL_CONVERSION = YES;
				CLANG_WARN_OBJC_IMPLICIT_RETAIN_SELF = YES;
				CLANG_WARN_OBJC_LITERAL_CONVERSION = YES;
				CLANG_WARN_OBJC_ROOT_CLASS = YES_ERROR;
				CLANG_WARN_QUOTED_INCLUDE_IN_FRAMEWORK_HEADER = YES;
				CLANG_WARN_RANGE_LOOP_ANALYSIS = YES;
				CLANG_WARN_STRICT_PROTOTYPES = YES;
				CLANG_WARN_SUSPICIOUS_MOVE = YES;
				CLANG_WARN_UNGUARDED_AVAILABILITY = YES_AGGRESSIVE;
				CLANG_WARN_UNREACHABLE_CODE = YES;
				CLANG_WARN__DUPLICATE_METHOD_MATCH = YES;
				COPY_PHASE_STRIP = NO;
				DEBUG_INFORMATION_FORMAT = dwarf;
				ENABLE_STRICT_OBJC_MSGSEND = YES;
				ENABLE_TESTABILITY = YES;
				GCC_C_LANGUAGE_STANDARD = gnu11;
				GCC_DYNAMIC_NO_PIC = NO;
				GCC_NO_COMMON_BLOCKS = YES;
				GCC_OPTIMIZATION_LEVEL = 0;
				GCC_PREPROCESSOR_DEFINITIONS = (
					"DEBUG=1",
					"$(inherited)",
				);
				GCC_WARN_64_TO_32_BIT_CONVERSION = YES;
				GCC_WARN_ABOUT_RETURN_TYPE = YES_ERROR;
				GCC_WARN_UNDECLARED_SELECTOR = YES;
				GCC_WARN_UNINITIALIZED_AUTOS = YES_AGGRESSIVE;
				GCC_WARN_UNUSED_FUNCTION = YES;
				GCC_WARN_UNUSED_VARIABLE = YES;
				IPHONEOS_DEPLOYMENT_TARGET = 16.0;
				MTL_ENABLE_DEBUG_INFO = INCLUDE_SOURCE;
				MTL_FAST_MATH = YES;
				ONLY_ACTIVE_ARCH = YES;
				SDKROOT = iphoneos;
				SWIFT_ACTIVE_COMPILATION_CONDITIONS = DEBUG;
				SWIFT_OPTIMIZATION_LEVEL = "-Onone";
			};
			name = Debug;
		};
		8E4F252B28E8B1B8009BB028 /* Release */ = {
			isa = XCBuildConfiguration;
			buildSettings = {
				ALWAYS_SEARCH_USER_PATHS = NO;
				CLANG_ANALYZER_NONNULL = YES;
				CLANG_ANALYZER_NUMBER_OBJECT_CONVERSION = YES_AGGRESSIVE;
				CLANG_CXX_LANGUAGE_STANDARD = "gnu++20";
				CLANG_ENABLE_MODULES = YES;
				CLANG_ENABLE_OBJC_ARC = YES;
				CLANG_ENABLE_OBJC_WEAK = YES;
				CLANG_WARN_BLOCK_CAPTURE_AUTORELEASING = YES;
				CLANG_WARN_BOOL_CONVERSION = YES;
				CLANG_WARN_COMMA = YES;
				CLANG_WARN_CONSTANT_CONVERSION = YES;
				CLANG_WARN_DEPRECATED_OBJC_IMPLEMENTATIONS = YES;
				CLANG_WARN_DIRECT_OBJC_ISA_USAGE = YES_ERROR;
				CLANG_WARN_DOCUMENTATION_COMMENTS = YES;
				CLANG_WARN_EMPTY_BODY = YES;
				CLANG_WARN_ENUM_CONVERSION = YES;
				CLANG_WARN_INFINITE_RECURSION = YES;
				CLANG_WARN_INT_CONVERSION = YES;
				CLANG_WARN_NON_LITERAL_NULL_CONVERSION = YES;
				CLANG_WARN_OBJC_IMPLICIT_RETAIN_SELF = YES;
				CLANG_WARN_OBJC_LITERAL_CONVERSION = YES;
				CLANG_WARN_OBJC_ROOT_CLASS = YES_ERROR;
				CLANG_WARN_QUOTED_INCLUDE_IN_FRAMEWORK_HEADER = YES;
				CLANG_WARN_RANGE_LOOP_ANALYSIS = YES;
				CLANG_WARN_STRICT_PROTOTYPES = YES;
				CLANG_WARN_SUSPICIOUS_MOVE = YES;
				CLANG_WARN_UNGUARDED_AVAILABILITY = YES_AGGRESSIVE;
				CLANG_WARN_UNREACHABLE_CODE = YES;
				CLANG_WARN__DUPLICATE_METHOD_MATCH = YES;
				COPY_PHASE_STRIP = NO;
				DEBUG_INFORMATION_FORMAT = "dwarf-with-dsym";
				ENABLE_NS_ASSERTIONS = NO;
				ENABLE_STRICT_OBJC_MSGSEND = YES;
				GCC_C_LANGUAGE_STANDARD = gnu11;
				GCC_NO_COMMON_BLOCKS = YES;
				GCC_WARN_64_TO_32_BIT_CONVERSION = YES;
				GCC_WARN_ABOUT_RETURN_TYPE = YES_ERROR;
				GCC_WARN_UNDECLARED_SELECTOR = YES;
				GCC_WARN_UNINITIALIZED_AUTOS = YES_AGGRESSIVE;
				GCC_WARN_UNUSED_FUNCTION = YES;
				GCC_WARN_UNUSED_VARIABLE = YES;
				IPHONEOS_DEPLOYMENT_TARGET = 16.0;
				MTL_ENABLE_DEBUG_INFO = NO;
				MTL_FAST_MATH = YES;
				SDKROOT = iphoneos;
				SWIFT_COMPILATION_MODE = wholemodule;
				SWIFT_OPTIMIZATION_LEVEL = "-O";
				VALIDATE_PRODUCT = YES;
			};
			name = Release;
		};
		8E4F252D28E8B1B8009BB028 /* Debug */ = {
			isa = XCBuildConfiguration;
			buildSettings = {
				ASSETCATALOG_COMPILER_APPICON_NAME = AppIcon;
				ASSETCATALOG_COMPILER_GLOBAL_ACCENT_COLOR_NAME = AccentColor;
				CODE_SIGN_STYLE = Automatic;
				CURRENT_PROJECT_VERSION = 1;
				DEVELOPMENT_TEAM = M4EZ4J3476;
				GENERATE_INFOPLIST_FILE = YES;
				INFOPLIST_FILE = LiveTextInteractionSampleApp/Info.plist;
				INFOPLIST_KEY_UIApplicationSupportsIndirectInputEvents = YES;
				INFOPLIST_KEY_UILaunchStoryboardName = LaunchScreen;
				INFOPLIST_KEY_UIMainStoryboardFile = Main;
				INFOPLIST_KEY_UISupportedInterfaceOrientations_iPad = "UIInterfaceOrientationPortrait UIInterfaceOrientationPortraitUpsideDown UIInterfaceOrientationLandscapeLeft UIInterfaceOrientationLandscapeRight";
				INFOPLIST_KEY_UISupportedInterfaceOrientations_iPhone = "UIInterfaceOrientationPortrait UIInterfaceOrientationLandscapeLeft UIInterfaceOrientationLandscapeRight";
				LD_RUNPATH_SEARCH_PATHS = (
					"$(inherited)",
					"@executable_path/Frameworks",
				);
				MARKETING_VERSION = 1.0;
				PRODUCT_BUNDLE_IDENTIFIER = kavana.LiveTextInteractionSampleApp;
				PRODUCT_NAME = "$(TARGET_NAME)";
				SWIFT_EMIT_LOC_STRINGS = YES;
				SWIFT_VERSION = 5.0;
				TARGETED_DEVICE_FAMILY = "1,2";
			};
			name = Debug;
		};
		8E4F252E28E8B1B8009BB028 /* Release */ = {
			isa = XCBuildConfiguration;
			buildSettings = {
				ASSETCATALOG_COMPILER_APPICON_NAME = AppIcon;
				ASSETCATALOG_COMPILER_GLOBAL_ACCENT_COLOR_NAME = AccentColor;
				CODE_SIGN_STYLE = Automatic;
				CURRENT_PROJECT_VERSION = 1;
				DEVELOPMENT_TEAM = M4EZ4J3476;
				GENERATE_INFOPLIST_FILE = YES;
				INFOPLIST_FILE = LiveTextInteractionSampleApp/Info.plist;
				INFOPLIST_KEY_UIApplicationSupportsIndirectInputEvents = YES;
				INFOPLIST_KEY_UILaunchStoryboardName = LaunchScreen;
				INFOPLIST_KEY_UIMainStoryboardFile = Main;
				INFOPLIST_KEY_UISupportedInterfaceOrientations_iPad = "UIInterfaceOrientationPortrait UIInterfaceOrientationPortraitUpsideDown UIInterfaceOrientationLandscapeLeft UIInterfaceOrientationLandscapeRight";
				INFOPLIST_KEY_UISupportedInterfaceOrientations_iPhone = "UIInterfaceOrientationPortrait UIInterfaceOrientationLandscapeLeft UIInterfaceOrientationLandscapeRight";
				LD_RUNPATH_SEARCH_PATHS = (
					"$(inherited)",
					"@executable_path/Frameworks",
				);
				MARKETING_VERSION = 1.0;
				PRODUCT_BUNDLE_IDENTIFIER = kavana.LiveTextInteractionSampleApp;
				PRODUCT_NAME = "$(TARGET_NAME)";
				SWIFT_EMIT_LOC_STRINGS = YES;
				SWIFT_VERSION = 5.0;
				TARGETED_DEVICE_FAMILY = "1,2";
			};
			name = Release;
		};
/* End XCBuildConfiguration section */

/* Begin XCConfigurationList section */
		8E4F251328E8B1B7009BB028 /* Build configuration list for PBXProject "LiveTextInteractionSampleApp" */ = {
			isa = XCConfigurationList;
			buildConfigurations = (
				8E4F252A28E8B1B8009BB028 /* Debug */,
				8E4F252B28E8B1B8009BB028 /* Release */,
			);
			defaultConfigurationIsVisible = 0;
			defaultConfigurationName = Release;
		};
		8E4F252C28E8B1B8009BB028 /* Build configuration list for PBXNativeTarget "LiveTextInteractionSampleApp" */ = {
			isa = XCConfigurationList;
			buildConfigurations = (
				8E4F252D28E8B1B8009BB028 /* Debug */,
				8E4F252E28E8B1B8009BB028 /* Release */,
			);
			defaultConfigurationIsVisible = 0;
			defaultConfigurationName = Release;
		};
/* End XCConfigurationList section */
	};
	rootObject = 8E4F251028E8B1B7009BB028 /* Project object */;
}
